
Microsoft Visual Studio Solution File, Format Version 12.00
# Visual Studio Version 16
VisualStudioVersion = 16.0.30523.141
MinimumVisualStudioVersion = 10.0.40219.1
Project("{FAE04EC0-301F-11D3-BF4B-00C04F79EFBC}") = "Lab_5", "Lab_5\Lab_5.csproj", "{32D99AE9-7CFC-4767-AF9F-05D51C8B6F03}"
EndProject
Global
	GlobalSection(SolutionConfigurationPlatforms) = preSolution
		Debug|Any CPU = Debug|Any CPU
		Release|Any CPU = Release|Any CPU
	EndGlobalSection
	GlobalSection(ProjectConfigurationPlatforms) = postSolution
		{32D99AE9-7CFC-4767-AF9F-05D51C8B6F03}.Debug|Any CPU.ActiveCfg = Debug|Any CPU
		{32D99AE9-7CFC-4767-AF9F-05D51C8B6F03}.Debug|Any CPU.Build.0 = Debug|Any CPU
		{32D99AE9-7CFC-4767-AF9F-05D51C8B6F03}.Release|Any CPU.ActiveCfg = Release|Any CPU
		{32D99AE9-7CFC-4767-AF9F-05D51C8B6F03}.Release|Any CPU.Build.0 = Release|Any CPU
	EndGlobalSection
	GlobalSection(SolutionProperties) = preSolution
		HideSolutionNode = FALSE
	EndGlobalSection
	GlobalSection(ExtensibilityGlobals) = postSolution
		SolutionGuid = {892C65C3-35DA-4839-A7EF-B145CB60CFEA}
	EndGlobalSection
EndGlobal
